{
  "name": "ts-task",
  "version": "1.0.0",
  "lockfileVersion": 3,
  "requires": true,
  "packages": {
    "": {
      "name": "ts-task",
      "version": "1.0.0",
      "license": "ISC",
      "dependencies": {
        "ts": "^0.0.0",
        "typescript": "^5.2.2"
      }
    },
    "node_modules/span": {
      "version": "0.0.6",
      "resolved": "https://registry.npmjs.org/span/-/span-0.0.6.tgz",
      "integrity": "sha512-/pDaxDE8jcMP8lRgarab5cirykIZHN0+HyoEq/iU+pUXhwBkcNhRSW3oERFqDE+ZNQyR3tkWJGVNyQn7yLf+Ew=="
    },
    "node_modules/ts": {
      "version": "0.0.0",
      "resolved": "https://registry.npmjs.org/ts/-/ts-0.0.0.tgz",
      "integrity": "sha512-vbXOvciZMgKrKHDVhYXc8X/jOwofDtRG0dB8Hf8GNawe3mmw+zgXZRjKpz89eJrZdPvM+uRM+WfCJf6KBsCfbQ==",
      "dependencies": {
        "span": "~0.0.5"
      },
      "bin": {
        "ts": "bin/ts.js"
      }
    },
    "node_modules/typescript": {
      "version": "5.2.2",
      "resolved": "https://registry.npmjs.org/typescript/-/typescript-5.2.2.tgz",
      "integrity": "sha512-mI4WrpHsbCIcwT9cF4FZvr80QUeKvsUsUvKDoR+X/7XHQH98xYD8YHZg7ANtz2GtZt/CBq2QJ0thkGJMHfqc1w==",
      "bin": {
        "tsc": "bin/tsc",
        "tsserver": "bin/tsserver"
      },
      "engines": {
        "node": ">=14.17"
      }
    }
  }
}
